
Microsoft Visual Studio Solution File, Format Version 12.00
# Visual Studio Version 16
VisualStudioVersion = 16.0.32510.428
MinimumVisualStudioVersion = 10.0.40219.1
Project("{FAE04EC0-301F-11D3-BF4B-00C04F79EFBC}") = "name", "name.csproj", "{5B440AA9-16BF-4AE8-A810-78DB36128FE5}"
EndProject
Global
	GlobalSection(SolutionConfigurationPlatforms) = preSolution
		Debug|Any CPU = Debug|Any CPU
		Release|Any CPU = Release|Any CPU
	EndGlobalSection
	GlobalSection(ProjectConfigurationPlatforms) = postSolution
		{5B440AA9-16BF-4AE8-A810-78DB36128FE5}.Debug|Any CPU.ActiveCfg = Debug|Any CPU
		{5B440AA9-16BF-4AE8-A810-78DB36128FE5}.Debug|Any CPU.Build.0 = Debug|Any CPU
		{5B440AA9-16BF-4AE8-A810-78DB36128FE5}.Release|Any CPU.ActiveCfg = Release|Any CPU
		{5B440AA9-16BF-4AE8-A810-78DB36128FE5}.Release|Any CPU.Build.0 = Release|Any CPU
	EndGlobalSection
	GlobalSection(SolutionProperties) = preSolution
		HideSolutionNode = FALSE
	EndGlobalSection
	GlobalSection(ExtensibilityGlobals) = postSolution
		SolutionGuid = {C5213DD4-8CFA-41E0-96D1-15B9965F50FB}
	EndGlobalSection
EndGlobal
